// !$*UTF8*$!
{
	archiveVersion = 1;
	classes = {
	};
	objectVersion = 46;
	objects = {

/* Begin PBXBuildFile section */
		F7AD5AF11DF37CA400E832D4 /* AppDelegate.swift in Sources */ = {isa = PBXBuildFile; fileRef = F7AD5AF01DF37CA400E832D4 /* AppDelegate.swift */; };
		F7AD5AF31DF37CA400E832D4 /* ViewController.swift in Sources */ = {isa = PBXBuildFile; fileRef = F7AD5AF21DF37CA400E832D4 /* ViewController.swift */; };
		F7AD5AF61DF37CA400E832D4 /* Main.storyboard in Resources */ = {isa = PBXBuildFile; fileRef = F7AD5AF41DF37CA400E832D4 /* Main.storyboard */; };
		F7AD5AF91DF37CA400E832D4 /* nsnotifications.xcdatamodeld in Sources */ = {isa = PBXBuildFile; fileRef = F7AD5AF71DF37CA400E832D4 /* nsnotifications.xcdatamodeld */; };
		F7AD5AFB1DF37CA400E832D4 /* Assets.xcassets in Resources */ = {isa = PBXBuildFile; fileRef = F7AD5AFA1DF37CA400E832D4 /* Assets.xcassets */; };
		F7AD5AFE1DF37CA400E832D4 /* LaunchScreen.storyboard in Resources */ = {isa = PBXBuildFile; fileRef = F7AD5AFC1DF37CA400E832D4 /* LaunchScreen.storyboard */; };
		F7AD5B091DF37CA400E832D4 /* nsnotificationsTests.swift in Sources */ = {isa = PBXBuildFile; fileRef = F7AD5B081DF37CA400E832D4 /* nsnotificationsTests.swift */; };
		F7AD5B141DF37CA400E832D4 /* nsnotificationsUITests.swift in Sources */ = {isa = PBXBuildFile; fileRef = F7AD5B131DF37CA400E832D4 /* nsnotificationsUITests.swift */; };
/* End PBXBuildFile section */

/* Begin PBXContainerItemProxy section */
		F7AD5B051DF37CA400E832D4 /* PBXContainerItemProxy */ = {
			isa = PBXContainerItemProxy;
			containerPortal = F7AD5AE51DF37CA400E832D4 /* Project object */;
			proxyType = 1;
			remoteGlobalIDString = F7AD5AEC1DF37CA400E832D4;
			remoteInfo = nsnotifications;
		};
		F7AD5B101DF37CA400E832D4 /* PBXContainerItemProxy */ = {
			isa = PBXContainerItemProxy;
			containerPortal = F7AD5AE51DF37CA400E832D4 /* Project object */;
			proxyType = 1;
			remoteGlobalIDString = F7AD5AEC1DF37CA400E832D4;
			remoteInfo = nsnotifications;
		};
/* End PBXContainerItemProxy section */

/* Begin PBXFileReference section */
		F7AD5AED1DF37CA400E832D4 /* nsnotifications.app */ = {isa = PBXFileReference; explicitFileType = wrapper.application; includeInIndex = 0; path = nsnotifications.app; sourceTree = BUILT_PRODUCTS_DIR; };
		F7AD5AF01DF37CA400E832D4 /* AppDelegate.swift */ = {isa = PBXFileReference; lastKnownFileType = sourcecode.swift; path = AppDelegate.swift; sourceTree = "<group>"; };
		F7AD5AF21DF37CA400E832D4 /* ViewController.swift */ = {isa = PBXFileReference; lastKnownFileType = sourcecode.swift; path = ViewController.swift; sourceTree = "<group>"; };
		F7AD5AF51DF37CA400E832D4 /* Base */ = {isa = PBXFileReference; lastKnownFileType = file.storyboard; name = Base; path = Base.lproj/Main.storyboard; sourceTree = "<group>"; };
		F7AD5AF81DF37CA400E832D4 /* nsnotifications.xcdatamodel */ = {isa = PBXFileReference; lastKnownFileType = wrapper.xcdatamodel; path = nsnotifications.xcdatamodel; sourceTree = "<group>"; };
		F7AD5AFA1DF37CA400E832D4 /* Assets.xcassets */ = {isa = PBXFileReference; lastKnownFileType = folder.assetcatalog; path = Assets.xcassets; sourceTree = "<group>"; };
		F7AD5AFD1DF37CA400E832D4 /* Base */ = {isa = PBXFileReference; lastKnownFileType = file.storyboard; name = Base; path = Base.lproj/LaunchScreen.storyboard; sourceTree = "<group>"; };
		F7AD5AFF1DF37CA400E832D4 /* Info.plist */ = {isa = PBXFileReference; lastKnownFileType = text.plist.xml; path = Info.plist; sourceTree = "<group>"; };
		F7AD5B041DF37CA400E832D4 /* nsnotificationsTests.xctest */ = {isa = PBXFileReference; explicitFileType = wrapper.cfbundle; includeInIndex = 0; path = nsnotificationsTests.xctest; sourceTree = BUILT_PRODUCTS_DIR; };
		F7AD5B081DF37CA400E832D4 /* nsnotificationsTests.swift */ = {isa = PBXFileReference; lastKnownFileType = sourcecode.swift; path = nsnotificationsTests.swift; sourceTree = "<group>"; };
		F7AD5B0A1DF37CA400E832D4 /* Info.plist */ = {isa = PBXFileReference; lastKnownFileType = text.plist.xml; path = Info.plist; sourceTree = "<group>"; };
		F7AD5B0F1DF37CA400E832D4 /* nsnotificationsUITests.xctest */ = {isa = PBXFileReference; explicitFileType = wrapper.cfbundle; includeInIndex = 0; path = nsnotificationsUITests.xctest; sourceTree = BUILT_PRODUCTS_DIR; };
		F7AD5B131DF37CA400E832D4 /* nsnotificationsUITests.swift */ = {isa = PBXFileReference; lastKnownFileType = sourcecode.swift; path = nsnotificationsUITests.swift; sourceTree = "<group>"; };
		F7AD5B151DF37CA400E832D4 /* Info.plist */ = {isa = PBXFileReference; lastKnownFileType = text.plist.xml; path = Info.plist; sourceTree = "<group>"; };
/* End PBXFileReference section */

/* Begin PBXFrameworksBuildPhase section */
		F7AD5AEA1DF37CA400E832D4 /* Frameworks */ = {
			isa = PBXFrameworksBuildPhase;
			buildActionMask = 2147483647;
			files = (
			);
			runOnlyForDeploymentPostprocessing = 0;
		};
		F7AD5B011DF37CA400E832D4 /* Frameworks */ = {
			isa = PBXFrameworksBuildPhase;
			buildActionMask = 2147483647;
			files = (
			);
			runOnlyForDeploymentPostprocessing = 0;
		};
		F7AD5B0C1DF37CA400E832D4 /* Frameworks */ = {
			isa = PBXFrameworksBuildPhase;
			buildActionMask = 2147483647;
			files = (
			);
			runOnlyForDeploymentPostprocessing = 0;
		};
/* End PBXFrameworksBuildPhase section */

/* Begin PBXGroup section */
		F7AD5AE41DF37CA400E832D4 = {
			isa = PBXGroup;
			children = (
				F7AD5AEF1DF37CA400E832D4 /* nsnotifications */,
				F7AD5B071DF37CA400E832D4 /* nsnotificationsTests */,
				F7AD5B121DF37CA400E832D4 /* nsnotificationsUITests */,
				F7AD5AEE1DF37CA400E832D4 /* Products */,
			);
			sourceTree = "<group>";
		};
		F7AD5AEE1DF37CA400E832D4 /* Products */ = {
			isa = PBXGroup;
			children = (
				F7AD5AED1DF37CA400E832D4 /* nsnotifications.app */,
				F7AD5B041DF37CA400E832D4 /* nsnotificationsTests.xctest */,
				F7AD5B0F1DF37CA400E832D4 /* nsnotificationsUITests.xctest */,
			);
			name = Products;
			sourceTree = "<group>";
		};
		F7AD5AEF1DF37CA400E832D4 /* nsnotifications */ = {
			isa = PBXGroup;
			children = (
				F7AD5AF01DF37CA400E832D4 /* AppDelegate.swift */,
				F7AD5AF21DF37CA400E832D4 /* ViewController.swift */,
				F7AD5AF41DF37CA400E832D4 /* Main.storyboard */,
				F7AD5AFA1DF37CA400E832D4 /* Assets.xcassets */,
				F7AD5AFC1DF37CA400E832D4 /* LaunchScreen.storyboard */,
				F7AD5AFF1DF37CA400E832D4 /* Info.plist */,
				F7AD5AF71DF37CA400E832D4 /* nsnotifications.xcdatamodeld */,
			);
			path = nsnotifications;
			sourceTree = "<group>";
		};
		F7AD5B071DF37CA400E832D4 /* nsnotificationsTests */ = {
			isa = PBXGroup;
			children = (
				F7AD5B081DF37CA400E832D4 /* nsnotificationsTests.swift */,
				F7AD5B0A1DF37CA400E832D4 /* Info.plist */,
			);
			path = nsnotificationsTests;
			sourceTree = "<group>";
		};
		F7AD5B121DF37CA400E832D4 /* nsnotificationsUITests */ = {
			isa = PBXGroup;
			children = (
				F7AD5B131DF37CA400E832D4 /* nsnotificationsUITests.swift */,
				F7AD5B151DF37CA400E832D4 /* Info.plist */,
			);
			path = nsnotificationsUITests;
			sourceTree = "<group>";
		};
/* End PBXGroup section */

/* Begin PBXNativeTarget section */
		F7AD5AEC1DF37CA400E832D4 /* nsnotifications */ = {
			isa = PBXNativeTarget;
			buildConfigurationList = F7AD5B181DF37CA400E832D4 /* Build configuration list for PBXNativeTarget "nsnotifications" */;
			buildPhases = (
				F7AD5AE91DF37CA400E832D4 /* Sources */,
				F7AD5AEA1DF37CA400E832D4 /* Frameworks */,
				F7AD5AEB1DF37CA400E832D4 /* Resources */,
			);
			buildRules = (
			);
			dependencies = (
			);
			name = nsnotifications;
			productName = nsnotifications;
			productReference = F7AD5AED1DF37CA400E832D4 /* nsnotifications.app */;
			productType = "com.apple.product-type.application";
		};
		F7AD5B031DF37CA400E832D4 /* nsnotificationsTests */ = {
			isa = PBXNativeTarget;
			buildConfigurationList = F7AD5B1B1DF37CA400E832D4 /* Build configuration list for PBXNativeTarget "nsnotificationsTests" */;
			buildPhases = (
				F7AD5B001DF37CA400E832D4 /* Sources */,
				F7AD5B011DF37CA400E832D4 /* Frameworks */,
				F7AD5B021DF37CA400E832D4 /* Resources */,
			);
			buildRules = (
			);
			dependencies = (
				F7AD5B061DF37CA400E832D4 /* PBXTargetDependency */,
			);
			name = nsnotificationsTests;
			productName = nsnotificationsTests;
			productReference = F7AD5B041DF37CA400E832D4 /* nsnotificationsTests.xctest */;
			productType = "com.apple.product-type.bundle.unit-test";
		};
		F7AD5B0E1DF37CA400E832D4 /* nsnotificationsUITests */ = {
			isa = PBXNativeTarget;
			buildConfigurationList = F7AD5B1E1DF37CA400E832D4 /* Build configuration list for PBXNativeTarget "nsnotificationsUITests" */;
			buildPhases = (
				F7AD5B0B1DF37CA400E832D4 /* Sources */,
				F7AD5B0C1DF37CA400E832D4 /* Frameworks */,
				F7AD5B0D1DF37CA400E832D4 /* Resources */,
			);
			buildRules = (
			);
			dependencies = (
				F7AD5B111DF37CA400E832D4 /* PBXTargetDependency */,
			);
			name = nsnotificationsUITests;
			productName = nsnotificationsUITests;
			productReference = F7AD5B0F1DF37CA400E832D4 /* nsnotificationsUITests.xctest */;
			productType = "com.apple.product-type.bundle.ui-testing";
		};
/* End PBXNativeTarget section */

/* Begin PBXProject section */
		F7AD5AE51DF37CA400E832D4 /* Project object */ = {
			isa = PBXProject;
			attributes = {
				LastSwiftUpdateCheck = 0810;
				LastUpgradeCheck = 0810;
				ORGANIZATIONNAME = "Harry Merzin";
				TargetAttributes = {
					F7AD5AEC1DF37CA400E832D4 = {
						CreatedOnToolsVersion = 8.1;
						ProvisioningStyle = Automatic;
					};
					F7AD5B031DF37CA400E832D4 = {
						CreatedOnToolsVersion = 8.1;
						ProvisioningStyle = Automatic;
						TestTargetID = F7AD5AEC1DF37CA400E832D4;
					};
					F7AD5B0E1DF37CA400E832D4 = {
						CreatedOnToolsVersion = 8.1;
						ProvisioningStyle = Automatic;
						TestTargetID = F7AD5AEC1DF37CA400E832D4;
					};
				};
			};
			buildConfigurationList = F7AD5AE81DF37CA400E832D4 /* Build configuration list for PBXProject "nsnotifications" */;
			compatibilityVersion = "Xcode 3.2";
			developmentRegion = English;
			hasScannedForEncodings = 0;
			knownRegions = (
				en,
				Base,
			);
			mainGroup = F7AD5AE41DF37CA400E832D4;
			productRefGroup = F7AD5AEE1DF37CA400E832D4 /* Products */;
			projectDirPath = "";
			projectRoot = "";
			targets = (
				F7AD5AEC1DF37CA400E832D4 /* nsnotifications */,
				F7AD5B031DF37CA400E832D4 /* nsnotificationsTests */,
				F7AD5B0E1DF37CA400E832D4 /* nsnotificationsUITests */,
			);
		};
/* End PBXProject section */

/* Begin PBXResourcesBuildPhase section */
		F7AD5AEB1DF37CA400E832D4 /* Resources */ = {
			isa = PBXResourcesBuildPhase;
			buildActionMask = 2147483647;
			files = (
				F7AD5AFE1DF37CA400E832D4 /* LaunchScreen.storyboard in Resources */,
				F7AD5AFB1DF37CA400E832D4 /* Assets.xcassets in Resources */,
				F7AD5AF61DF37CA400E832D4 /* Main.storyboard in Resources */,
			);
			runOnlyForDeploymentPostprocessing = 0;
		};
		F7AD5B021DF37CA400E832D4 /* Resources */ = {
			isa = PBXResourcesBuildPhase;
			buildActionMask = 2147483647;
			files = (
			);
			runOnlyForDeploymentPostprocessing = 0;
		};
		F7AD5B0D1DF37CA400E832D4 /* Resources */ = {
			isa = PBXResourcesBuildPhase;
			buildActionMask = 2147483647;
			files = (
			);
			runOnlyForDeploymentPostprocessing = 0;
		};
/* End PBXResourcesBuildPhase section */

/* Begin PBXSourcesBuildPhase section */
		F7AD5AE91DF37CA400E832D4 /* Sources */ = {
			isa = PBXSourcesBuildPhase;
			buildActionMask = 2147483647;
			files = (
				F7AD5AF91DF37CA400E832D4 /* nsnotifications.xcdatamodeld in Sources */,
				F7AD5AF31DF37CA400E832D4 /* ViewController.swift in Sources */,
				F7AD5AF11DF37CA400E832D4 /* AppDelegate.swift in Sources */,
			);
			runOnlyForDeploymentPostprocessing = 0;
		};
		F7AD5B001DF37CA400E832D4 /* Sources */ = {
			isa = PBXSourcesBuildPhase;
			buildActionMask = 2147483647;
			files = (
				F7AD5B091DF37CA400E832D4 /* nsnotificationsTests.swift in Sources */,
			);
			runOnlyForDeploymentPostprocessing = 0;
		};
		F7AD5B0B1DF37CA400E832D4 /* Sources */ = {
			isa = PBXSourcesBuildPhase;
			buildActionMask = 2147483647;
			files = (
				F7AD5B141DF37CA400E832D4 /* nsnotificationsUITests.swift in Sources */,
			);
			runOnlyForDeploymentPostprocessing = 0;
		};
/* End PBXSourcesBuildPhase section */

/* Begin PBXTargetDependency section */
		F7AD5B061DF37CA400E832D4 /* PBXTargetDependency */ = {
			isa = PBXTargetDependency;
			target = F7AD5AEC1DF37CA400E832D4 /* nsnotifications */;
			targetProxy = F7AD5B051DF37CA400E832D4 /* PBXContainerItemProxy */;
		};
		F7AD5B111DF37CA400E832D4 /* PBXTargetDependency */ = {
			isa = PBXTargetDependency;
			target = F7AD5AEC1DF37CA400E832D4 /* nsnotifications */;
			targetProxy = F7AD5B101DF37CA400E832D4 /* PBXContainerItemProxy */;
		};
/* End PBXTargetDependency section */

/* Begin PBXVariantGroup section */
		F7AD5AF41DF37CA400E832D4 /* Main.storyboard */ = {
			isa = PBXVariantGroup;
			children = (
				F7AD5AF51DF37CA400E832D4 /* Base */,
			);
			name = Main.storyboard;
			sourceTree = "<group>";
		};
		F7AD5AFC1DF37CA400E832D4 /* LaunchScreen.storyboard */ = {
			isa = PBXVariantGroup;
			children = (
				F7AD5AFD1DF37CA400E832D4 /* Base */,
			);
			name = LaunchScreen.storyboard;
			sourceTree = "<group>";
		};
/* End PBXVariantGroup section */

/* Begin XCBuildConfiguration section */
		F7AD5B161DF37CA400E832D4 /* Debug */ = {
			isa = XCBuildConfiguration;
			buildSettings = {
				ALWAYS_SEARCH_USER_PATHS = NO;
				CLANG_ANALYZER_NONNULL = YES;
				CLANG_CXX_LANGUAGE_STANDARD = "gnu++0x";
				CLANG_CXX_LIBRARY = "libc++";
				CLANG_ENABLE_MODULES = YES;
				CLANG_ENABLE_OBJC_ARC = YES;
				CLANG_WARN_BOOL_CONVERSION = YES;
				CLANG_WARN_CONSTANT_CONVERSION = YES;
				CLANG_WARN_DIRECT_OBJC_ISA_USAGE = YES_ERROR;
				CLANG_WARN_DOCUMENTATION_COMMENTS = YES;
				CLANG_WARN_EMPTY_BODY = YES;
				CLANG_WARN_ENUM_CONVERSION = YES;
				CLANG_WARN_INFINITE_RECURSION = YES;
				CLANG_WARN_INT_CONVERSION = YES;
				CLANG_WARN_OBJC_ROOT_CLASS = YES_ERROR;
				CLANG_WARN_SUSPICIOUS_MOVES = YES;
				CLANG_WARN_UNREACHABLE_CODE = YES;
				CLANG_WARN__DUPLICATE_METHOD_MATCH = YES;
				"CODE_SIGN_IDENTITY[sdk=iphoneos*]" = "iPhone Developer";
				COPY_PHASE_STRIP = NO;
				DEBUG_INFORMATION_FORMAT = dwarf;
				ENABLE_STRICT_OBJC_MSGSEND = YES;
				ENABLE_TESTABILITY = YES;
				GCC_C_LANGUAGE_STANDARD = gnu99;
				GCC_DYNAMIC_NO_PIC = NO;
				GCC_NO_COMMON_BLOCKS = YES;
				GCC_OPTIMIZATION_LEVEL = 0;
				GCC_PREPROCESSOR_DEFINITIONS = (
					"DEBUG=1",
					"$(inherited)",
				);
				GCC_WARN_64_TO_32_BIT_CONVERSION = YES;
				GCC_WARN_ABOUT_RETURN_TYPE = YES_ERROR;
				GCC_WARN_UNDECLARED_SELECTOR = YES;
				GCC_WARN_UNINITIALIZED_AUTOS = YES_AGGRESSIVE;
				GCC_WARN_UNUSED_FUNCTION = YES;
				GCC_WARN_UNUSED_VARIABLE = YES;
				IPHONEOS_DEPLOYMENT_TARGET = 10.1;
				MTL_ENABLE_DEBUG_INFO = YES;
				ONLY_ACTIVE_ARCH = YES;
				SDKROOT = iphoneos;
				SWIFT_ACTIVE_COMPILATION_CONDITIONS = DEBUG;
				SWIFT_OPTIMIZATION_LEVEL = "-Onone";
			};
			name = Debug;
		};
		F7AD5B171DF37CA400E832D4 /* Release */ = {
			isa = XCBuildConfiguration;
			buildSettings = {
				ALWAYS_SEARCH_USER_PATHS = NO;
				CLANG_ANALYZER_NONNULL = YES;
				CLANG_CXX_LANGUAGE_STANDARD = "gnu++0x";
				CLANG_CXX_LIBRARY = "libc++";
				CLANG_ENABLE_MODULES = YES;
				CLANG_ENABLE_OBJC_ARC = YES;
				CLANG_WARN_BOOL_CONVERSION = YES;
				CLANG_WARN_CONSTANT_CONVERSION = YES;
				CLANG_WARN_DIRECT_OBJC_ISA_USAGE = YES_ERROR;
				CLANG_WARN_DOCUMENTATION_COMMENTS = YES;
				CLANG_WARN_EMPTY_BODY = YES;
				CLANG_WARN_ENUM_CONVERSION = YES;
				CLANG_WARN_INFINITE_RECURSION = YES;
				CLANG_WARN_INT_CONVERSION = YES;
				CLANG_WARN_OBJC_ROOT_CLASS = YES_ERROR;
				CLANG_WARN_SUSPICIOUS_MOVES = YES;
				CLANG_WARN_UNREACHABLE_CODE = YES;
				CLANG_WARN__DUPLICATE_METHOD_MATCH = YES;
				"CODE_SIGN_IDENTITY[sdk=iphoneos*]" = "iPhone Developer";
				COPY_PHASE_STRIP = NO;
				DEBUG_INFORMATION_FORMAT = "dwarf-with-dsym";
				ENABLE_NS_ASSERTIONS = NO;
				ENABLE_STRICT_OBJC_MSGSEND = YES;
				GCC_C_LANGUAGE_STANDARD = gnu99;
				GCC_NO_COMMON_BLOCKS = YES;
				GCC_WARN_64_TO_32_BIT_CONVERSION = YES;
				GCC_WARN_ABOUT_RETURN_TYPE = YES_ERROR;
				GCC_WARN_UNDECLARED_SELECTOR = YES;
				GCC_WARN_UNINITIALIZED_AUTOS = YES_AGGRESSIVE;
				GCC_WARN_UNUSED_FUNCTION = YES;
				GCC_WARN_UNUSED_VARIABLE = YES;
				IPHONEOS_DEPLOYMENT_TARGET = 10.1;
				MTL_ENABLE_DEBUG_INFO = NO;
				SDKROOT = iphoneos;
				SWIFT_OPTIMIZATION_LEVEL = "-Owholemodule";
				VALIDATE_PRODUCT = YES;
			};
			name = Release;
		};
		F7AD5B191DF37CA400E832D4 /* Debug */ = {
			isa = XCBuildConfiguration;
			buildSettings = {
				ASSETCATALOG_COMPILER_APPICON_NAME = AppIcon;
				INFOPLIST_FILE = nsnotifications/Info.plist;
				LD_RUNPATH_SEARCH_PATHS = "$(inherited) @executable_path/Frameworks";
				PRODUCT_BUNDLE_IDENTIFIER = harry.nsnotifications;
				PRODUCT_NAME = "$(TARGET_NAME)";
				SWIFT_VERSION = 3.0;
			};
			name = Debug;
		};
		F7AD5B1A1DF37CA400E832D4 /* Release */ = {
			isa = XCBuildConfiguration;
			buildSettings = {
				ASSETCATALOG_COMPILER_APPICON_NAME = AppIcon;
				INFOPLIST_FILE = nsnotifications/Info.plist;
				LD_RUNPATH_SEARCH_PATHS = "$(inherited) @executable_path/Frameworks";
				PRODUCT_BUNDLE_IDENTIFIER = harry.nsnotifications;
				PRODUCT_NAME = "$(TARGET_NAME)";
				SWIFT_VERSION = 3.0;
			};
			name = Release;
		};
		F7AD5B1C1DF37CA400E832D4 /* Debug */ = {
			isa = XCBuildConfiguration;
			buildSettings = {
				ALWAYS_EMBED_SWIFT_STANDARD_LIBRARIES = YES;
				BUNDLE_LOADER = "$(TEST_HOST)";
				INFOPLIST_FILE = nsnotificationsTests/Info.plist;
				LD_RUNPATH_SEARCH_PATHS = "$(inherited) @executable_path/Frameworks @loader_path/Frameworks";
				PRODUCT_BUNDLE_IDENTIFIER = harry.nsnotificationsTests;
				PRODUCT_NAME = "$(TARGET_NAME)";
				SWIFT_VERSION = 3.0;
				TEST_HOST = "$(BUILT_PRODUCTS_DIR)/nsnotifications.app/nsnotifications";
			};
			name = Debug;
		};
		F7AD5B1D1DF37CA400E832D4 /* Release */ = {
			isa = XCBuildConfiguration;
			buildSettings = {
				ALWAYS_EMBED_SWIFT_STANDARD_LIBRARIES = YES;
				BUNDLE_LOADER = "$(TEST_HOST)";
				INFOPLIST_FILE = nsnotificationsTests/Info.plist;
				LD_RUNPATH_SEARCH_PATHS = "$(inherited) @executable_path/Frameworks @loader_path/Frameworks";
				PRODUCT_BUNDLE_IDENTIFIER = harry.nsnotificationsTests;
				PRODUCT_NAME = "$(TARGET_NAME)";
				SWIFT_VERSION = 3.0;
				TEST_HOST = "$(BUILT_PRODUCTS_DIR)/nsnotifications.app/nsnotifications";
			};
			name = Release;
		};
		F7AD5B1F1DF37CA400E832D4 /* Debug */ = {
			isa = XCBuildConfiguration;
			buildSettings = {
				ALWAYS_EMBED_SWIFT_STANDARD_LIBRARIES = YES;
				INFOPLIST_FILE = nsnotificationsUITests/Info.plist;
				LD_RUNPATH_SEARCH_PATHS = "$(inherited) @executable_path/Frameworks @loader_path/Frameworks";
				PRODUCT_BUNDLE_IDENTIFIER = harry.nsnotificationsUITests;
				PRODUCT_NAME = "$(TARGET_NAME)";
				SWIFT_VERSION = 3.0;
				TEST_TARGET_NAME = nsnotifications;
			};
			name = Debug;
		};
		F7AD5B201DF37CA400E832D4 /* Release */ = {
			isa = XCBuildConfiguration;
			buildSettings = {
				ALWAYS_EMBED_SWIFT_STANDARD_LIBRARIES = YES;
				INFOPLIST_FILE = nsnotificationsUITests/Info.plist;
				LD_RUNPATH_SEARCH_PATHS = "$(inherited) @executable_path/Frameworks @loader_path/Frameworks";
				PRODUCT_BUNDLE_IDENTIFIER = harry.nsnotificationsUITests;
				PRODUCT_NAME = "$(TARGET_NAME)";
				SWIFT_VERSION = 3.0;
				TEST_TARGET_NAME = nsnotifications;
			};
			name = Release;
		};
/* End XCBuildConfiguration section */

/* Begin XCConfigurationList section */
		F7AD5AE81DF37CA400E832D4 /* Build configuration list for PBXProject "nsnotifications" */ = {
			isa = XCConfigurationList;
			buildConfigurations = (
				F7AD5B161DF37CA400E832D4 /* Debug */,
				F7AD5B171DF37CA400E832D4 /* Release */,
			);
			defaultConfigurationIsVisible = 0;
			defaultConfigurationName = Release;
		};
		F7AD5B181DF37CA400E832D4 /* Build configuration list for PBXNativeTarget "nsnotifications" */ = {
			isa = XCConfigurationList;
			buildConfigurations = (
				F7AD5B191DF37CA400E832D4 /* Debug */,
				F7AD5B1A1DF37CA400E832D4 /* Release */,
			);
			defaultConfigurationIsVisible = 0;
		};
		F7AD5B1B1DF37CA400E832D4 /* Build configuration list for PBXNativeTarget "nsnotificationsTests" */ = {
			isa = XCConfigurationList;
			buildConfigurations = (
				F7AD5B1C1DF37CA400E832D4 /* Debug */,
				F7AD5B1D1DF37CA400E832D4 /* Release */,
			);
			defaultConfigurationIsVisible = 0;
		};
		F7AD5B1E1DF37CA400E832D4 /* Build configuration list for PBXNativeTarget "nsnotificationsUITests" */ = {
			isa = XCConfigurationList;
			buildConfigurations = (
				F7AD5B1F1DF37CA400E832D4 /* Debug */,
				F7AD5B201DF37CA400E832D4 /* Release */,
			);
			defaultConfigurationIsVisible = 0;
		};
/* End XCConfigurationList section */

/* Begin XCVersionGroup section */
		F7AD5AF71DF37CA400E832D4 /* nsnotifications.xcdatamodeld */ = {
			isa = XCVersionGroup;
			children = (
				F7AD5AF81DF37CA400E832D4 /* nsnotifications.xcdatamodel */,
			);
			currentVersion = F7AD5AF81DF37CA400E832D4 /* nsnotifications.xcdatamodel */;
			path = nsnotifications.xcdatamodeld;
			sourceTree = "<group>";
			versionGroupType = wrapper.xcdatamodel;
		};
/* End XCVersionGroup section */
	};
	rootObject = F7AD5AE51DF37CA400E832D4 /* Project object */;
}
